// !$*UTF8*$!
{
	archiveVersion = 1;
	classes = {
	};
	objectVersion = 56;
	objects = {

/* Begin PBXBuildFile section */
		8ABA459A2B45B7CD00B26D1D /* MoodyApp.swift in Sources */ = {isa = PBXBuildFile; fileRef = 8ABA45992B45B7CD00B26D1D /* MoodyApp.swift */; };
		8ABA459C2B45B7CD00B26D1D /* ContentView.swift in Sources */ = {isa = PBXBuildFile; fileRef = 8ABA459B2B45B7CD00B26D1D /* ContentView.swift */; };
		8ABA459E2B45B7CE00B26D1D /* Assets.xcassets in Resources */ = {isa = PBXBuildFile; fileRef = 8ABA459D2B45B7CE00B26D1D /* Assets.xcassets */; };
		8ABA45A12B45B7CE00B26D1D /* Preview Assets.xcassets in Resources */ = {isa = PBXBuildFile; fileRef = 8ABA45A02B45B7CE00B26D1D /* Preview Assets.xcassets */; };
		8ABA45AC2B45B7CF00B26D1D /* MoodyTests.swift in Sources */ = {isa = PBXBuildFile; fileRef = 8ABA45AB2B45B7CF00B26D1D /* MoodyTests.swift */; };
		8ABA45B62B45B7CF00B26D1D /* MoodyUITests.swift in Sources */ = {isa = PBXBuildFile; fileRef = 8ABA45B52B45B7CF00B26D1D /* MoodyUITests.swift */; };
		8ABA45B82B45B7CF00B26D1D /* MoodyUITestsLaunchTests.swift in Sources */ = {isa = PBXBuildFile; fileRef = 8ABA45B72B45B7CF00B26D1D /* MoodyUITestsLaunchTests.swift */; };
/* End PBXBuildFile section */

/* Begin PBXContainerItemProxy section */
		8ABA45A82B45B7CF00B26D1D /* PBXContainerItemProxy */ = {
			isa = PBXContainerItemProxy;
			containerPortal = 8ABA458E2B45B7CD00B26D1D /* Project object */;
			proxyType = 1;
			remoteGlobalIDString = 8ABA45952B45B7CD00B26D1D;
			remoteInfo = Moody;
		};
		8ABA45B22B45B7CF00B26D1D /* PBXContainerItemProxy */ = {
			isa = PBXContainerItemProxy;
			containerPortal = 8ABA458E2B45B7CD00B26D1D /* Project object */;
			proxyType = 1;
			remoteGlobalIDString = 8ABA45952B45B7CD00B26D1D;
			remoteInfo = Moody;
		};
/* End PBXContainerItemProxy section */

/* Begin PBXFileReference section */
		8ABA45962B45B7CD00B26D1D /* Moody.app */ = {isa = PBXFileReference; explicitFileType = wrapper.application; includeInIndex = 0; path = Moody.app; sourceTree = BUILT_PRODUCTS_DIR; };
		8ABA45992B45B7CD00B26D1D /* MoodyApp.swift */ = {isa = PBXFileReference; lastKnownFileType = sourcecode.swift; path = MoodyApp.swift; sourceTree = "<group>"; };
		8ABA459B2B45B7CD00B26D1D /* ContentView.swift */ = {isa = PBXFileReference; lastKnownFileType = sourcecode.swift; path = ContentView.swift; sourceTree = "<group>"; };
		8ABA459D2B45B7CE00B26D1D /* Assets.xcassets */ = {isa = PBXFileReference; lastKnownFileType = folder.assetcatalog; path = Assets.xcassets; sourceTree = "<group>"; };
		8ABA45A02B45B7CE00B26D1D /* Preview Assets.xcassets */ = {isa = PBXFileReference; lastKnownFileType = folder.assetcatalog; path = "Preview Assets.xcassets"; sourceTree = "<group>"; };
		8ABA45A22B45B7CE00B26D1D /* Moody.entitlements */ = {isa = PBXFileReference; lastKnownFileType = text.plist.entitlements; path = Moody.entitlements; sourceTree = "<group>"; };
		8ABA45A72B45B7CF00B26D1D /* MoodyTests.xctest */ = {isa = PBXFileReference; explicitFileType = wrapper.cfbundle; includeInIndex = 0; path = MoodyTests.xctest; sourceTree = BUILT_PRODUCTS_DIR; };
		8ABA45AB2B45B7CF00B26D1D /* MoodyTests.swift */ = {isa = PBXFileReference; lastKnownFileType = sourcecode.swift; path = MoodyTests.swift; sourceTree = "<group>"; };
		8ABA45B12B45B7CF00B26D1D /* MoodyUITests.xctest */ = {isa = PBXFileReference; explicitFileType = wrapper.cfbundle; includeInIndex = 0; path = MoodyUITests.xctest; sourceTree = BUILT_PRODUCTS_DIR; };
		8ABA45B52B45B7CF00B26D1D /* MoodyUITests.swift */ = {isa = PBXFileReference; lastKnownFileType = sourcecode.swift; path = MoodyUITests.swift; sourceTree = "<group>"; };
		8ABA45B72B45B7CF00B26D1D /* MoodyUITestsLaunchTests.swift */ = {isa = PBXFileReference; lastKnownFileType = sourcecode.swift; path = MoodyUITestsLaunchTests.swift; sourceTree = "<group>"; };
/* End PBXFileReference section */

/* Begin PBXFrameworksBuildPhase section */
		8ABA45932B45B7CD00B26D1D /* Frameworks */ = {
			isa = PBXFrameworksBuildPhase;
			buildActionMask = 2147483647;
			files = (
			);
			runOnlyForDeploymentPostprocessing = 0;
		};
		8ABA45A42B45B7CF00B26D1D /* Frameworks */ = {
			isa = PBXFrameworksBuildPhase;
			buildActionMask = 2147483647;
			files = (
			);
			runOnlyForDeploymentPostprocessing = 0;
		};
		8ABA45AE2B45B7CF00B26D1D /* Frameworks */ = {
			isa = PBXFrameworksBuildPhase;
			buildActionMask = 2147483647;
			files = (
			);
			runOnlyForDeploymentPostprocessing = 0;
		};
/* End PBXFrameworksBuildPhase section */

/* Begin PBXGroup section */
		8ABA458D2B45B7CD00B26D1D = {
			isa = PBXGroup;
			children = (
				8ABA45982B45B7CD00B26D1D /* Moody */,
				8ABA45AA2B45B7CF00B26D1D /* MoodyTests */,
				8ABA45B42B45B7CF00B26D1D /* MoodyUITests */,
				8ABA45972B45B7CD00B26D1D /* Products */,
			);
			sourceTree = "<group>";
		};
		8ABA45972B45B7CD00B26D1D /* Products */ = {
			isa = PBXGroup;
			children = (
				8ABA45962B45B7CD00B26D1D /* Moody.app */,
				8ABA45A72B45B7CF00B26D1D /* MoodyTests.xctest */,
				8ABA45B12B45B7CF00B26D1D /* MoodyUITests.xctest */,
			);
			name = Products;
			sourceTree = "<group>";
		};
		8ABA45982B45B7CD00B26D1D /* Moody */ = {
			isa = PBXGroup;
			children = (
				8ABA45992B45B7CD00B26D1D /* MoodyApp.swift */,
				8ABA459B2B45B7CD00B26D1D /* ContentView.swift */,
				8ABA459D2B45B7CE00B26D1D /* Assets.xcassets */,
				8ABA45A22B45B7CE00B26D1D /* Moody.entitlements */,
				8ABA459F2B45B7CE00B26D1D /* Preview Content */,
			);
			path = Moody;
			sourceTree = "<group>";
		};
		8ABA459F2B45B7CE00B26D1D /* Preview Content */ = {
			isa = PBXGroup;
			children = (
				8ABA45A02B45B7CE00B26D1D /* Preview Assets.xcassets */,
			);
			path = "Preview Content";
			sourceTree = "<group>";
		};
		8ABA45AA2B45B7CF00B26D1D /* MoodyTests */ = {
			isa = PBXGroup;
			children = (
				8ABA45AB2B45B7CF00B26D1D /* MoodyTests.swift */,
			);
			path = MoodyTests;
			sourceTree = "<group>";
		};
		8ABA45B42B45B7CF00B26D1D /* MoodyUITests */ = {
			isa = PBXGroup;
			children = (
				8ABA45B52B45B7CF00B26D1D /* MoodyUITests.swift */,
				8ABA45B72B45B7CF00B26D1D /* MoodyUITestsLaunchTests.swift */,
			);
			path = MoodyUITests;
			sourceTree = "<group>";
		};
/* End PBXGroup section */

/* Begin PBXNativeTarget section */
		8ABA45952B45B7CD00B26D1D /* Moody */ = {
			isa = PBXNativeTarget;
			buildConfigurationList = 8ABA45BB2B45B7CF00B26D1D /* Build configuration list for PBXNativeTarget "Moody" */;
			buildPhases = (
				8ABA45922B45B7CD00B26D1D /* Sources */,
				8ABA45932B45B7CD00B26D1D /* Frameworks */,
				8ABA45942B45B7CD00B26D1D /* Resources */,
			);
			buildRules = (
			);
			dependencies = (
			);
			name = Moody;
			productName = Moody;
			productReference = 8ABA45962B45B7CD00B26D1D /* Moody.app */;
			productType = "com.apple.product-type.application";
		};
		8ABA45A62B45B7CF00B26D1D /* MoodyTests */ = {
			isa = PBXNativeTarget;
			buildConfigurationList = 8ABA45BE2B45B7CF00B26D1D /* Build configuration list for PBXNativeTarget "MoodyTests" */;
			buildPhases = (
				8ABA45A32B45B7CF00B26D1D /* Sources */,
				8ABA45A42B45B7CF00B26D1D /* Frameworks */,
				8ABA45A52B45B7CF00B26D1D /* Resources */,
			);
			buildRules = (
			);
			dependencies = (
				8ABA45A92B45B7CF00B26D1D /* PBXTargetDependency */,
			);
			name = MoodyTests;
			productName = MoodyTests;
			productReference = 8ABA45A72B45B7CF00B26D1D /* MoodyTests.xctest */;
			productType = "com.apple.product-type.bundle.unit-test";
		};
		8ABA45B02B45B7CF00B26D1D /* MoodyUITests */ = {
			isa = PBXNativeTarget;
			buildConfigurationList = 8ABA45C12B45B7CF00B26D1D /* Build configuration list for PBXNativeTarget "MoodyUITests" */;
			buildPhases = (
				8ABA45AD2B45B7CF00B26D1D /* Sources */,
				8ABA45AE2B45B7CF00B26D1D /* Frameworks */,
				8ABA45AF2B45B7CF00B26D1D /* Resources */,
			);
			buildRules = (
			);
			dependencies = (
				8ABA45B32B45B7CF00B26D1D /* PBXTargetDependency */,
			);
			name = MoodyUITests;
			productName = MoodyUITests;
			productReference = 8ABA45B12B45B7CF00B26D1D /* MoodyUITests.xctest */;
			productType = "com.apple.product-type.bundle.ui-testing";
		};
/* End PBXNativeTarget section */

/* Begin PBXProject section */
		8ABA458E2B45B7CD00B26D1D /* Project object */ = {
			isa = PBXProject;
			attributes = {
				BuildIndependentTargetsInParallel = 1;
				LastSwiftUpdateCheck = 1430;
				LastUpgradeCheck = 1430;
				TargetAttributes = {
					8ABA45952B45B7CD00B26D1D = {
						CreatedOnToolsVersion = 14.3.1;
					};
					8ABA45A62B45B7CF00B26D1D = {
						CreatedOnToolsVersion = 14.3.1;
						TestTargetID = 8ABA45952B45B7CD00B26D1D;
					};
					8ABA45B02B45B7CF00B26D1D = {
						CreatedOnToolsVersion = 14.3.1;
						TestTargetID = 8ABA45952B45B7CD00B26D1D;
					};
				};
			};
			buildConfigurationList = 8ABA45912B45B7CD00B26D1D /* Build configuration list for PBXProject "Moody" */;
			compatibilityVersion = "Xcode 14.0";
			developmentRegion = en;
			hasScannedForEncodings = 0;
			knownRegions = (
				en,
				Base,
			);
			mainGroup = 8ABA458D2B45B7CD00B26D1D;
			productRefGroup = 8ABA45972B45B7CD00B26D1D /* Products */;
			projectDirPath = "";
			projectRoot = "";
			targets = (
				8ABA45952B45B7CD00B26D1D /* Moody */,
				8ABA45A62B45B7CF00B26D1D /* MoodyTests */,
				8ABA45B02B45B7CF00B26D1D /* MoodyUITests */,
			);
		};
/* End PBXProject section */

/* Begin PBXResourcesBuildPhase section */
		8ABA45942B45B7CD00B26D1D /* Resources */ = {
			isa = PBXResourcesBuildPhase;
			buildActionMask = 2147483647;
			files = (
				8ABA45A12B45B7CE00B26D1D /* Preview Assets.xcassets in Resources */,
				8ABA459E2B45B7CE00B26D1D /* Assets.xcassets in Resources */,
			);
			runOnlyForDeploymentPostprocessing = 0;
		};
		8ABA45A52B45B7CF00B26D1D /* Resources */ = {
			isa = PBXResourcesBuildPhase;
			buildActionMask = 2147483647;
			files = (
			);
			runOnlyForDeploymentPostprocessing = 0;
		};
		8ABA45AF2B45B7CF00B26D1D /* Resources */ = {
			isa = PBXResourcesBuildPhase;
			buildActionMask = 2147483647;
			files = (
			);
			runOnlyForDeploymentPostprocessing = 0;
		};
/* End PBXResourcesBuildPhase section */

/* Begin PBXSourcesBuildPhase section */
		8ABA45922B45B7CD00B26D1D /* Sources */ = {
			isa = PBXSourcesBuildPhase;
			buildActionMask = 2147483647;
			files = (
				8ABA459C2B45B7CD00B26D1D /* ContentView.swift in Sources */,
				8ABA459A2B45B7CD00B26D1D /* MoodyApp.swift in Sources */,
			);
			runOnlyForDeploymentPostprocessing = 0;
		};
		8ABA45A32B45B7CF00B26D1D /* Sources */ = {
			isa = PBXSourcesBuildPhase;
			buildActionMask = 2147483647;
			files = (
				8ABA45AC2B45B7CF00B26D1D /* MoodyTests.swift in Sources */,
			);
			runOnlyForDeploymentPostprocessing = 0;
		};
		8ABA45AD2B45B7CF00B26D1D /* Sources */ = {
			isa = PBXSourcesBuildPhase;
			buildActionMask = 2147483647;
			files = (
				8ABA45B62B45B7CF00B26D1D /* MoodyUITests.swift in Sources */,
				8ABA45B82B45B7CF00B26D1D /* MoodyUITestsLaunchTests.swift in Sources */,
			);
			runOnlyForDeploymentPostprocessing = 0;
		};
/* End PBXSourcesBuildPhase section */

/* Begin PBXTargetDependency section */
		8ABA45A92B45B7CF00B26D1D /* PBXTargetDependency */ = {
			isa = PBXTargetDependency;
			target = 8ABA45952B45B7CD00B26D1D /* Moody */;
			targetProxy = 8ABA45A82B45B7CF00B26D1D /* PBXContainerItemProxy */;
		};
		8ABA45B32B45B7CF00B26D1D /* PBXTargetDependency */ = {
			isa = PBXTargetDependency;
			target = 8ABA45952B45B7CD00B26D1D /* Moody */;
			targetProxy = 8ABA45B22B45B7CF00B26D1D /* PBXContainerItemProxy */;
		};
/* End PBXTargetDependency section */

/* Begin XCBuildConfiguration section */
		8ABA45B92B45B7CF00B26D1D /* Debug */ = {
			isa = XCBuildConfiguration;
			buildSettings = {
				ALWAYS_SEARCH_USER_PATHS = NO;
				CLANG_ANALYZER_NONNULL = YES;
				CLANG_ANALYZER_NUMBER_OBJECT_CONVERSION = YES_AGGRESSIVE;
				CLANG_CXX_LANGUAGE_STANDARD = "gnu++20";
				CLANG_ENABLE_MODULES = YES;
				CLANG_ENABLE_OBJC_ARC = YES;
				CLANG_ENABLE_OBJC_WEAK = YES;
				CLANG_WARN_BLOCK_CAPTURE_AUTORELEASING = YES;
				CLANG_WARN_BOOL_CONVERSION = YES;
				CLANG_WARN_COMMA = YES;
				CLANG_WARN_CONSTANT_CONVERSION = YES;
				CLANG_WARN_DEPRECATED_OBJC_IMPLEMENTATIONS = YES;
				CLANG_WARN_DIRECT_OBJC_ISA_USAGE = YES_ERROR;
				CLANG_WARN_DOCUMENTATION_COMMENTS = YES;
				CLANG_WARN_EMPTY_BODY = YES;
				CLANG_WARN_ENUM_CONVERSION = YES;
				CLANG_WARN_INFINITE_RECURSION = YES;
				CLANG_WARN_INT_CONVERSION = YES;
				CLANG_WARN_NON_LITERAL_NULL_CONVERSION = YES;
				CLANG_WARN_OBJC_IMPLICIT_RETAIN_SELF = YES;
				CLANG_WARN_OBJC_LITERAL_CONVERSION = YES;
				CLANG_WARN_OBJC_ROOT_CLASS = YES_ERROR;
				CLANG_WARN_QUOTED_INCLUDE_IN_FRAMEWORK_HEADER = YES;
				CLANG_WARN_RANGE_LOOP_ANALYSIS = YES;
				CLANG_WARN_STRICT_PROTOTYPES = YES;
				CLANG_WARN_SUSPICIOUS_MOVE = YES;
				CLANG_WARN_UNGUARDED_AVAILABILITY = YES_AGGRESSIVE;
				CLANG_WARN_UNREACHABLE_CODE = YES;
				CLANG_WARN__DUPLICATE_METHOD_MATCH = YES;
				COPY_PHASE_STRIP = NO;
				DEBUG_INFORMATION_FORMAT = dwarf;
				ENABLE_STRICT_OBJC_MSGSEND = YES;
				ENABLE_TESTABILITY = YES;
				GCC_C_LANGUAGE_STANDARD = gnu11;
				GCC_DYNAMIC_NO_PIC = NO;
				GCC_NO_COMMON_BLOCKS = YES;
				GCC_OPTIMIZATION_LEVEL = 0;
				GCC_PREPROCESSOR_DEFINITIONS = (
					"DEBUG=1",
					"$(inherited)",
				);
				GCC_WARN_64_TO_32_BIT_CONVERSION = YES;
				GCC_WARN_ABOUT_RETURN_TYPE = YES_ERROR;
				GCC_WARN_UNDECLARED_SELECTOR = YES;
				GCC_WARN_UNINITIALIZED_AUTOS = YES_AGGRESSIVE;
				GCC_WARN_UNUSED_FUNCTION = YES;
				GCC_WARN_UNUSED_VARIABLE = YES;
				MACOSX_DEPLOYMENT_TARGET = 13.3;
				MTL_ENABLE_DEBUG_INFO = INCLUDE_SOURCE;
				MTL_FAST_MATH = YES;
				ONLY_ACTIVE_ARCH = YES;
				SDKROOT = macosx;
				SWIFT_ACTIVE_COMPILATION_CONDITIONS = DEBUG;
				SWIFT_OPTIMIZATION_LEVEL = "-Onone";
			};
			name = Debug;
		};
		8ABA45BA2B45B7CF00B26D1D /* Release */ = {
			isa = XCBuildConfiguration;
			buildSettings = {
				ALWAYS_SEARCH_USER_PATHS = NO;
				CLANG_ANALYZER_NONNULL = YES;
				CLANG_ANALYZER_NUMBER_OBJECT_CONVERSION = YES_AGGRESSIVE;
				CLANG_CXX_LANGUAGE_STANDARD = "gnu++20";
				CLANG_ENABLE_MODULES = YES;
				CLANG_ENABLE_OBJC_ARC = YES;
				CLANG_ENABLE_OBJC_WEAK = YES;
				CLANG_WARN_BLOCK_CAPTURE_AUTORELEASING = YES;
				CLANG_WARN_BOOL_CONVERSION = YES;
				CLANG_WARN_COMMA = YES;
				CLANG_WARN_CONSTANT_CONVERSION = YES;
				CLANG_WARN_DEPRECATED_OBJC_IMPLEMENTATIONS = YES;
				CLANG_WARN_DIRECT_OBJC_ISA_USAGE = YES_ERROR;
				CLANG_WARN_DOCUMENTATION_COMMENTS = YES;
				CLANG_WARN_EMPTY_BODY = YES;
				CLANG_WARN_ENUM_CONVERSION = YES;
				CLANG_WARN_INFINITE_RECURSION = YES;
				CLANG_WARN_INT_CONVERSION = YES;
				CLANG_WARN_NON_LITERAL_NULL_CONVERSION = YES;
				CLANG_WARN_OBJC_IMPLICIT_RETAIN_SELF = YES;
				CLANG_WARN_OBJC_LITERAL_CONVERSION = YES;
				CLANG_WARN_OBJC_ROOT_CLASS = YES_ERROR;
				CLANG_WARN_QUOTED_INCLUDE_IN_FRAMEWORK_HEADER = YES;
				CLANG_WARN_RANGE_LOOP_ANALYSIS = YES;
				CLANG_WARN_STRICT_PROTOTYPES = YES;
				CLANG_WARN_SUSPICIOUS_MOVE = YES;
				CLANG_WARN_UNGUARDED_AVAILABILITY = YES_AGGRESSIVE;
				CLANG_WARN_UNREACHABLE_CODE = YES;
				CLANG_WARN__DUPLICATE_METHOD_MATCH = YES;
				COPY_PHASE_STRIP = NO;
				DEBUG_INFORMATION_FORMAT = "dwarf-with-dsym";
				ENABLE_NS_ASSERTIONS = NO;
				ENABLE_STRICT_OBJC_MSGSEND = YES;
				GCC_C_LANGUAGE_STANDARD = gnu11;
				GCC_NO_COMMON_BLOCKS = YES;
				GCC_WARN_64_TO_32_BIT_CONVERSION = YES;
				GCC_WARN_ABOUT_RETURN_TYPE = YES_ERROR;
				GCC_WARN_UNDECLARED_SELECTOR = YES;
				GCC_WARN_UNINITIALIZED_AUTOS = YES_AGGRESSIVE;
				GCC_WARN_UNUSED_FUNCTION = YES;
				GCC_WARN_UNUSED_VARIABLE = YES;
				MACOSX_DEPLOYMENT_TARGET = 13.3;
				MTL_ENABLE_DEBUG_INFO = NO;
				MTL_FAST_MATH = YES;
				SDKROOT = macosx;
				SWIFT_COMPILATION_MODE = wholemodule;
				SWIFT_OPTIMIZATION_LEVEL = "-O";
			};
			name = Release;
		};
		8ABA45BC2B45B7CF00B26D1D /* Debug */ = {
			isa = XCBuildConfiguration;
			buildSettings = {
				ASSETCATALOG_COMPILER_APPICON_NAME = AppIcon;
				ASSETCATALOG_COMPILER_GLOBAL_ACCENT_COLOR_NAME = AccentColor;
				CODE_SIGN_ENTITLEMENTS = Moody/Moody.entitlements;
				CODE_SIGN_STYLE = Automatic;
				COMBINE_HIDPI_IMAGES = YES;
				CURRENT_PROJECT_VERSION = 1;
				DEVELOPMENT_ASSET_PATHS = "\"Moody/Preview Content\"";
				DEVELOPMENT_TEAM = 37A377RTH3;
				ENABLE_HARDENED_RUNTIME = YES;
				ENABLE_PREVIEWS = YES;
				GENERATE_INFOPLIST_FILE = YES;
				INFOPLIST_KEY_NSHumanReadableCopyright = "";
				LD_RUNPATH_SEARCH_PATHS = (
					"$(inherited)",
					"@executable_path/../Frameworks",
				);
				MARKETING_VERSION = 1.0;
				PRODUCT_BUNDLE_IDENTIFIER = com.xentech.Moody;
				PRODUCT_NAME = "$(TARGET_NAME)";
				SWIFT_EMIT_LOC_STRINGS = YES;
				SWIFT_VERSION = 5.0;
			};
			name = Debug;
		};
		8ABA45BD2B45B7CF00B26D1D /* Release */ = {
			isa = XCBuildConfiguration;
			buildSettings = {
				ASSETCATALOG_COMPILER_APPICON_NAME = AppIcon;
				ASSETCATALOG_COMPILER_GLOBAL_ACCENT_COLOR_NAME = AccentColor;
				CODE_SIGN_ENTITLEMENTS = Moody/Moody.entitlements;
				CODE_SIGN_STYLE = Automatic;
				COMBINE_HIDPI_IMAGES = YES;
				CURRENT_PROJECT_VERSION = 1;
				DEVELOPMENT_ASSET_PATHS = "\"Moody/Preview Content\"";
				DEVELOPMENT_TEAM = 37A377RTH3;
				ENABLE_HARDENED_RUNTIME = YES;
				ENABLE_PREVIEWS = YES;
				GENERATE_INFOPLIST_FILE = YES;
				INFOPLIST_KEY_NSHumanReadableCopyright = "";
				LD_RUNPATH_SEARCH_PATHS = (
					"$(inherited)",
					"@executable_path/../Frameworks",
				);
				MARKETING_VERSION = 1.0;
				PRODUCT_BUNDLE_IDENTIFIER = com.xentech.Moody;
				PRODUCT_NAME = "$(TARGET_NAME)";
				SWIFT_EMIT_LOC_STRINGS = YES;
				SWIFT_VERSION = 5.0;
			};
			name = Release;
		};
		8ABA45BF2B45B7CF00B26D1D /* Debug */ = {
			isa = XCBuildConfiguration;
			buildSettings = {
				ALWAYS_EMBED_SWIFT_STANDARD_LIBRARIES = YES;
				BUNDLE_LOADER = "$(TEST_HOST)";
				CODE_SIGN_STYLE = Automatic;
				CURRENT_PROJECT_VERSION = 1;
				DEVELOPMENT_TEAM = 37A377RTH3;
				GENERATE_INFOPLIST_FILE = YES;
				MACOSX_DEPLOYMENT_TARGET = 13.3;
				MARKETING_VERSION = 1.0;
				PRODUCT_BUNDLE_IDENTIFIER = com.xentech.MoodyTests;
				PRODUCT_NAME = "$(TARGET_NAME)";
				SWIFT_EMIT_LOC_STRINGS = NO;
				SWIFT_VERSION = 5.0;
				TEST_HOST = "$(BUILT_PRODUCTS_DIR)/Moody.app/$(BUNDLE_EXECUTABLE_FOLDER_PATH)/Moody";
			};
			name = Debug;
		};
		8ABA45C02B45B7CF00B26D1D /* Release */ = {
			isa = XCBuildConfiguration;
			buildSettings = {
				ALWAYS_EMBED_SWIFT_STANDARD_LIBRARIES = YES;
				BUNDLE_LOADER = "$(TEST_HOST)";
				CODE_SIGN_STYLE = Automatic;
				CURRENT_PROJECT_VERSION = 1;
				DEVELOPMENT_TEAM = 37A377RTH3;
				GENERATE_INFOPLIST_FILE = YES;
				MACOSX_DEPLOYMENT_TARGET = 13.3;
				MARKETING_VERSION = 1.0;
				PRODUCT_BUNDLE_IDENTIFIER = com.xentech.MoodyTests;
				PRODUCT_NAME = "$(TARGET_NAME)";
				SWIFT_EMIT_LOC_STRINGS = NO;
				SWIFT_VERSION = 5.0;
				TEST_HOST = "$(BUILT_PRODUCTS_DIR)/Moody.app/$(BUNDLE_EXECUTABLE_FOLDER_PATH)/Moody";
			};
			name = Release;
		};
		8ABA45C22B45B7CF00B26D1D /* Debug */ = {
			isa = XCBuildConfiguration;
			buildSettings = {
				ALWAYS_EMBED_SWIFT_STANDARD_LIBRARIES = YES;
				CODE_SIGN_STYLE = Automatic;
				CURRENT_PROJECT_VERSION = 1;
				DEVELOPMENT_TEAM = 37A377RTH3;
				GENERATE_INFOPLIST_FILE = YES;
				MARKETING_VERSION = 1.0;
				PRODUCT_BUNDLE_IDENTIFIER = com.xentech.MoodyUITests;
				PRODUCT_NAME = "$(TARGET_NAME)";
				SWIFT_EMIT_LOC_STRINGS = NO;
				SWIFT_VERSION = 5.0;
				TEST_TARGET_NAME = Moody;
			};
			name = Debug;
		};
		8ABA45C32B45B7CF00B26D1D /* Release */ = {
			isa = XCBuildConfiguration;
			buildSettings = {
				ALWAYS_EMBED_SWIFT_STANDARD_LIBRARIES = YES;
				CODE_SIGN_STYLE = Automatic;
				CURRENT_PROJECT_VERSION = 1;
				DEVELOPMENT_TEAM = 37A377RTH3;
				GENERATE_INFOPLIST_FILE = YES;
				MARKETING_VERSION = 1.0;
				PRODUCT_BUNDLE_IDENTIFIER = com.xentech.MoodyUITests;
				PRODUCT_NAME = "$(TARGET_NAME)";
				SWIFT_EMIT_LOC_STRINGS = NO;
				SWIFT_VERSION = 5.0;
				TEST_TARGET_NAME = Moody;
			};
			name = Release;
		};
/* End XCBuildConfiguration section */

/* Begin XCConfigurationList section */
		8ABA45912B45B7CD00B26D1D /* Build configuration list for PBXProject "Moody" */ = {
			isa = XCConfigurationList;
			buildConfigurations = (
				8ABA45B92B45B7CF00B26D1D /* Debug */,
				8ABA45BA2B45B7CF00B26D1D /* Release */,
			);
			defaultConfigurationIsVisible = 0;
			defaultConfigurationName = Release;
		};
		8ABA45BB2B45B7CF00B26D1D /* Build configuration list for PBXNativeTarget "Moody" */ = {
			isa = XCConfigurationList;
			buildConfigurations = (
				8ABA45BC2B45B7CF00B26D1D /* Debug */,
				8ABA45BD2B45B7CF00B26D1D /* Release */,
			);
			defaultConfigurationIsVisible = 0;
			defaultConfigurationName = Release;
		};
		8ABA45BE2B45B7CF00B26D1D /* Build configuration list for PBXNativeTarget "MoodyTests" */ = {
			isa = XCConfigurationList;
			buildConfigurations = (
				8ABA45BF2B45B7CF00B26D1D /* Debug */,
				8ABA45C02B45B7CF00B26D1D /* Release */,
			);
			defaultConfigurationIsVisible = 0;
			defaultConfigurationName = Release;
		};
		8ABA45C12B45B7CF00B26D1D /* Build configuration list for PBXNativeTarget "MoodyUITests" */ = {
			isa = XCConfigurationList;
			buildConfigurations = (
				8ABA45C22B45B7CF00B26D1D /* Debug */,
				8ABA45C32B45B7CF00B26D1D /* Release */,
			);
			defaultConfigurationIsVisible = 0;
			defaultConfigurationName = Release;
		};
/* End XCConfigurationList section */
	};
	rootObject = 8ABA458E2B45B7CD00B26D1D /* Project object */;
}
